
Microsoft Visual Studio Solution File, Format Version 12.00
# Visual Studio Version 17
VisualStudioVersion = 17.8.34309.116
MinimumVisualStudioVersion = 10.0.40219.1
Project("{FAE04EC0-301F-11D3-BF4B-00C04F79EFBC}") = "CustomerBasket", "CustomerBasket\CustomerBasket.csproj", "{D04B475C-F875-4F3D-A1E7-28F223A9F70F}"
EndProject
Project("{FAE04EC0-301F-11D3-BF4B-00C04F79EFBC}") = "CustomerBasketTests", "CustomerBasketTests\CustomerBasketTests.csproj", "{A82F5B45-E19A-4467-A945-DD031C10825D}"
EndProject
Global
	GlobalSection(SolutionConfigurationPlatforms) = preSolution
		Debug|Any CPU = Debug|Any CPU
		Release|Any CPU = Release|Any CPU
	EndGlobalSection
	GlobalSection(ProjectConfigurationPlatforms) = postSolution
		{D04B475C-F875-4F3D-A1E7-28F223A9F70F}.Debug|Any CPU.ActiveCfg = Debug|Any CPU
		{D04B475C-F875-4F3D-A1E7-28F223A9F70F}.Debug|Any CPU.Build.0 = Debug|Any CPU
		{D04B475C-F875-4F3D-A1E7-28F223A9F70F}.Release|Any CPU.ActiveCfg = Release|Any CPU
		{D04B475C-F875-4F3D-A1E7-28F223A9F70F}.Release|Any CPU.Build.0 = Release|Any CPU
		{A82F5B45-E19A-4467-A945-DD031C10825D}.Debug|Any CPU.ActiveCfg = Debug|Any CPU
		{A82F5B45-E19A-4467-A945-DD031C10825D}.Debug|Any CPU.Build.0 = Debug|Any CPU
		{A82F5B45-E19A-4467-A945-DD031C10825D}.Release|Any CPU.ActiveCfg = Release|Any CPU
		{A82F5B45-E19A-4467-A945-DD031C10825D}.Release|Any CPU.Build.0 = Release|Any CPU
	EndGlobalSection
	GlobalSection(SolutionProperties) = preSolution
		HideSolutionNode = FALSE
	EndGlobalSection
	GlobalSection(ExtensibilityGlobals) = postSolution
		SolutionGuid = {D7B42990-8A17-4093-B2F6-E377FA718A8D}
	EndGlobalSection
EndGlobal
